// !$*UTF8*$!
{
	archiveVersion = 1;
	classes = {
	};
	objectVersion = 56;
	objects = {

/* Begin PBXBuildFile section */
		8452BCC22C49294E00A04671 /* DetailView.swift in Sources */ = {isa = PBXBuildFile; fileRef = 8452BCC12C49294E00A04671 /* DetailView.swift */; };
		846E311F2C42C85D00F62907 /* Assets.xcassets in Resources */ = {isa = PBXBuildFile; fileRef = 846E311E2C42C85D00F62907 /* Assets.xcassets */; };
		846E31222C42C91100F62907 /* Color.swift in Sources */ = {isa = PBXBuildFile; fileRef = 846E31212C42C91100F62907 /* Color.swift */; };
		846E31282C42CB3600F62907 /* HomeView.swift in Sources */ = {isa = PBXBuildFile; fileRef = 846E31272C42CB3600F62907 /* HomeView.swift */; };
		846E312C2C42CC2000F62907 /* RoundedRectangleButtonView.swift in Sources */ = {isa = PBXBuildFile; fileRef = 846E312B2C42CC2000F62907 /* RoundedRectangleButtonView.swift */; };
		84911D8E2C481CE30034F367 /* PortfolioDataService.swift in Sources */ = {isa = PBXBuildFile; fileRef = 84911D8D2C481CE30034F367 /* PortfolioDataService.swift */; };
		84A545AC2C4689F9005993B2 /* StatisticModel.swift in Sources */ = {isa = PBXBuildFile; fileRef = 84A545AB2C4689F9005993B2 /* StatisticModel.swift */; };
		84A545AE2C468B23005993B2 /* StatisticView.swift in Sources */ = {isa = PBXBuildFile; fileRef = 84A545AD2C468B23005993B2 /* StatisticView.swift */; };
		84A545B02C469187005993B2 /* HomeStatsView.swift in Sources */ = {isa = PBXBuildFile; fileRef = 84A545AF2C469187005993B2 /* HomeStatsView.swift */; };
		84A545B22C469B8D005993B2 /* MarketDataModel.swift in Sources */ = {isa = PBXBuildFile; fileRef = 84A545B12C469B8D005993B2 /* MarketDataModel.swift */; };
		84A545B42C46A15E005993B2 /* MarketDataService.swift in Sources */ = {isa = PBXBuildFile; fileRef = 84A545B32C46A15E005993B2 /* MarketDataService.swift */; };
		84A545B82C46AAF2005993B2 /* PortfolioView.swift in Sources */ = {isa = PBXBuildFile; fileRef = 84A545B72C46AAF2005993B2 /* PortfolioView.swift */; };
		84A545BA2C46AE12005993B2 /* CoinLogoView.swift in Sources */ = {isa = PBXBuildFile; fileRef = 84A545B92C46AE12005993B2 /* CoinLogoView.swift */; };
		84AF2E962C43EE1400CB692D /* CoinModel.swift in Sources */ = {isa = PBXBuildFile; fileRef = 84AF2E952C43EE1400CB692D /* CoinModel.swift */; };
		84AF2E982C43FD5A00CB692D /* CoinRowView.swift in Sources */ = {isa = PBXBuildFile; fileRef = 84AF2E972C43FD5A00CB692D /* CoinRowView.swift */; };
		84AF2E9A2C43FDB900CB692D /* PreviewProvider.swift in Sources */ = {isa = PBXBuildFile; fileRef = 84AF2E992C43FDB900CB692D /* PreviewProvider.swift */; };
		84AF2E9C2C4403A300CB692D /* Double.swift in Sources */ = {isa = PBXBuildFile; fileRef = 84AF2E9B2C4403A300CB692D /* Double.swift */; };
		84AF2E9E2C44137700CB692D /* HomeViewModel.swift in Sources */ = {isa = PBXBuildFile; fileRef = 84AF2E9D2C44137700CB692D /* HomeViewModel.swift */; };
		84AF2EA12C44199500CB692D /* CoinDataService.swift in Sources */ = {isa = PBXBuildFile; fileRef = 84AF2EA02C44199500CB692D /* CoinDataService.swift */; };
		84D125592C45736C0008FF36 /* NetworkingManager.swift in Sources */ = {isa = PBXBuildFile; fileRef = 84D125582C45736C0008FF36 /* NetworkingManager.swift */; };
		84D1255C2C4579160008FF36 /* CoinImageView.swift in Sources */ = {isa = PBXBuildFile; fileRef = 84D1255B2C4579160008FF36 /* CoinImageView.swift */; };
		84D125622C4583190008FF36 /* SearchBarView.swift in Sources */ = {isa = PBXBuildFile; fileRef = 84D125612C4583190008FF36 /* SearchBarView.swift */; };
		84D125642C4587070008FF36 /* UIApplication.swift in Sources */ = {isa = PBXBuildFile; fileRef = 84D125632C4587070008FF36 /* UIApplication.swift */; };
		84E103512C482563000273D9 /* PortfolioContainer.xcdatamodeld in Sources */ = {isa = PBXBuildFile; fileRef = 84E1034F2C482563000273D9 /* PortfolioContainer.xcdatamodeld */; };
		84E769262C42C47D00CE2003 /* CryptoTrackerApp.swift in Sources */ = {isa = PBXBuildFile; fileRef = 84E769252C42C47D00CE2003 /* CryptoTrackerApp.swift */; };
		84E769282C42C47D00CE2003 /* ContentView.swift in Sources */ = {isa = PBXBuildFile; fileRef = 84E769272C42C47D00CE2003 /* ContentView.swift */; };
		84E7692D2C42C47E00CE2003 /* Preview Assets.xcassets in Resources */ = {isa = PBXBuildFile; fileRef = 84E7692C2C42C47E00CE2003 /* Preview Assets.xcassets */; };
/* End PBXBuildFile section */

/* Begin PBXFileReference section */
		8452BCC12C49294E00A04671 /* DetailView.swift */ = {isa = PBXFileReference; lastKnownFileType = sourcecode.swift; path = DetailView.swift; sourceTree = "<group>"; };
		846E311E2C42C85D00F62907 /* Assets.xcassets */ = {isa = PBXFileReference; lastKnownFileType = folder.assetcatalog; name = Assets.xcassets; path = ../../../Downloads/Resources/Assets.xcassets; sourceTree = "<group>"; };
		846E31212C42C91100F62907 /* Color.swift */ = {isa = PBXFileReference; lastKnownFileType = sourcecode.swift; path = Color.swift; sourceTree = "<group>"; };
		846E31272C42CB3600F62907 /* HomeView.swift */ = {isa = PBXFileReference; lastKnownFileType = sourcecode.swift; path = HomeView.swift; sourceTree = "<group>"; };
		846E312B2C42CC2000F62907 /* RoundedRectangleButtonView.swift */ = {isa = PBXFileReference; lastKnownFileType = sourcecode.swift; path = RoundedRectangleButtonView.swift; sourceTree = "<group>"; };
		84911D8D2C481CE30034F367 /* PortfolioDataService.swift */ = {isa = PBXFileReference; lastKnownFileType = sourcecode.swift; path = PortfolioDataService.swift; sourceTree = "<group>"; };
		84A545AB2C4689F9005993B2 /* StatisticModel.swift */ = {isa = PBXFileReference; lastKnownFileType = sourcecode.swift; path = StatisticModel.swift; sourceTree = "<group>"; };
		84A545AD2C468B23005993B2 /* StatisticView.swift */ = {isa = PBXFileReference; lastKnownFileType = sourcecode.swift; path = StatisticView.swift; sourceTree = "<group>"; };
		84A545AF2C469187005993B2 /* HomeStatsView.swift */ = {isa = PBXFileReference; lastKnownFileType = sourcecode.swift; path = HomeStatsView.swift; sourceTree = "<group>"; };
		84A545B12C469B8D005993B2 /* MarketDataModel.swift */ = {isa = PBXFileReference; lastKnownFileType = sourcecode.swift; path = MarketDataModel.swift; sourceTree = "<group>"; };
		84A545B32C46A15E005993B2 /* MarketDataService.swift */ = {isa = PBXFileReference; lastKnownFileType = sourcecode.swift; path = MarketDataService.swift; sourceTree = "<group>"; };
		84A545B72C46AAF2005993B2 /* PortfolioView.swift */ = {isa = PBXFileReference; lastKnownFileType = sourcecode.swift; path = PortfolioView.swift; sourceTree = "<group>"; };
		84A545B92C46AE12005993B2 /* CoinLogoView.swift */ = {isa = PBXFileReference; lastKnownFileType = sourcecode.swift; path = CoinLogoView.swift; sourceTree = "<group>"; };
		84AF2E952C43EE1400CB692D /* CoinModel.swift */ = {isa = PBXFileReference; lastKnownFileType = sourcecode.swift; path = CoinModel.swift; sourceTree = "<group>"; };
		84AF2E972C43FD5A00CB692D /* CoinRowView.swift */ = {isa = PBXFileReference; lastKnownFileType = sourcecode.swift; path = CoinRowView.swift; sourceTree = "<group>"; };
		84AF2E992C43FDB900CB692D /* PreviewProvider.swift */ = {isa = PBXFileReference; lastKnownFileType = sourcecode.swift; path = PreviewProvider.swift; sourceTree = "<group>"; };
		84AF2E9B2C4403A300CB692D /* Double.swift */ = {isa = PBXFileReference; lastKnownFileType = sourcecode.swift; path = Double.swift; sourceTree = "<group>"; };
		84AF2E9D2C44137700CB692D /* HomeViewModel.swift */ = {isa = PBXFileReference; lastKnownFileType = sourcecode.swift; path = HomeViewModel.swift; sourceTree = "<group>"; };
		84AF2EA02C44199500CB692D /* CoinDataService.swift */ = {isa = PBXFileReference; lastKnownFileType = sourcecode.swift; path = CoinDataService.swift; sourceTree = "<group>"; };
		84D125582C45736C0008FF36 /* NetworkingManager.swift */ = {isa = PBXFileReference; lastKnownFileType = sourcecode.swift; path = NetworkingManager.swift; sourceTree = "<group>"; };
		84D1255B2C4579160008FF36 /* CoinImageView.swift */ = {isa = PBXFileReference; lastKnownFileType = sourcecode.swift; path = CoinImageView.swift; sourceTree = "<group>"; };
		84D125612C4583190008FF36 /* SearchBarView.swift */ = {isa = PBXFileReference; lastKnownFileType = sourcecode.swift; path = SearchBarView.swift; sourceTree = "<group>"; };
		84D125632C4587070008FF36 /* UIApplication.swift */ = {isa = PBXFileReference; lastKnownFileType = sourcecode.swift; path = UIApplication.swift; sourceTree = "<group>"; };
		84E103502C482563000273D9 /* PortfolioContainer.xcdatamodel */ = {isa = PBXFileReference; lastKnownFileType = wrapper.xcdatamodel; path = PortfolioContainer.xcdatamodel; sourceTree = "<group>"; };
		84E769222C42C47D00CE2003 /* CryptoTracker.app */ = {isa = PBXFileReference; explicitFileType = wrapper.application; includeInIndex = 0; path = CryptoTracker.app; sourceTree = BUILT_PRODUCTS_DIR; };
		84E769252C42C47D00CE2003 /* CryptoTrackerApp.swift */ = {isa = PBXFileReference; lastKnownFileType = sourcecode.swift; path = CryptoTrackerApp.swift; sourceTree = "<group>"; };
		84E769272C42C47D00CE2003 /* ContentView.swift */ = {isa = PBXFileReference; lastKnownFileType = sourcecode.swift; path = ContentView.swift; sourceTree = "<group>"; };
		84E7692C2C42C47E00CE2003 /* Preview Assets.xcassets */ = {isa = PBXFileReference; lastKnownFileType = folder.assetcatalog; path = "Preview Assets.xcassets"; sourceTree = "<group>"; };
/* End PBXFileReference section */

/* Begin PBXFrameworksBuildPhase section */
		84E7691F2C42C47D00CE2003 /* Frameworks */ = {
			isa = PBXFrameworksBuildPhase;
			buildActionMask = 2147483647;
			files = (
			);
			runOnlyForDeploymentPostprocessing = 0;
		};
/* End PBXFrameworksBuildPhase section */

/* Begin PBXGroup section */
		8452BCBE2C4928E400A04671 /* Detail */ = {
			isa = PBXGroup;
			children = (
				8452BCC02C49292600A04671 /* Views */,
				8452BCBF2C4928FF00A04671 /* ViewModels */,
			);
			path = Detail;
			sourceTree = "<group>";
		};
		8452BCBF2C4928FF00A04671 /* ViewModels */ = {
			isa = PBXGroup;
			children = (
			);
			path = ViewModels;
			sourceTree = "<group>";
		};
		8452BCC02C49292600A04671 /* Views */ = {
			isa = PBXGroup;
			children = (
				8452BCC12C49294E00A04671 /* DetailView.swift */,
			);
			path = Views;
			sourceTree = "<group>";
		};
		846E31202C42C8FC00F62907 /* Extensions */ = {
			isa = PBXGroup;
			children = (
				846E31212C42C91100F62907 /* Color.swift */,
				84AF2E992C43FDB900CB692D /* PreviewProvider.swift */,
				84AF2E9B2C4403A300CB692D /* Double.swift */,
				84D125632C4587070008FF36 /* UIApplication.swift */,
			);
			path = Extensions;
			sourceTree = "<group>";
		};
		846E31232C42CAF800F62907 /* Core */ = {
			isa = PBXGroup;
			children = (
				846E31292C42CBF800F62907 /* Components */,
				8452BCBE2C4928E400A04671 /* Detail */,
				846E31242C42CB1200F62907 /* Home */,
			);
			path = Core;
			sourceTree = "<group>";
		};
		846E31242C42CB1200F62907 /* Home */ = {
			isa = PBXGroup;
			children = (
				846E31262C42CB2400F62907 /* ViewModels */,
				846E31252C42CB1E00F62907 /* Views */,
			);
			path = Home;
			sourceTree = "<group>";
		};
		846E31252C42CB1E00F62907 /* Views */ = {
			isa = PBXGroup;
			children = (
				846E31272C42CB3600F62907 /* HomeView.swift */,
				84A545AF2C469187005993B2 /* HomeStatsView.swift */,
				84AF2E972C43FD5A00CB692D /* CoinRowView.swift */,
				84A545B72C46AAF2005993B2 /* PortfolioView.swift */,
				84A545AD2C468B23005993B2 /* StatisticView.swift */,
				84D125612C4583190008FF36 /* SearchBarView.swift */,
			);
			path = Views;
			sourceTree = "<group>";
		};
		846E31262C42CB2400F62907 /* ViewModels */ = {
			isa = PBXGroup;
			children = (
				84AF2E9D2C44137700CB692D /* HomeViewModel.swift */,
			);
			path = ViewModels;
			sourceTree = "<group>";
		};
		846E31292C42CBF800F62907 /* Components */ = {
			isa = PBXGroup;
			children = (
				84D1255A2C4578FF0008FF36 /* CoinImage */,
				846E312A2C42CC1200F62907 /* CircleButton */,
			);
			path = Components;
			sourceTree = "<group>";
		};
		846E312A2C42CC1200F62907 /* CircleButton */ = {
			isa = PBXGroup;
			children = (
				846E312B2C42CC2000F62907 /* RoundedRectangleButtonView.swift */,
			);
			path = CircleButton;
			sourceTree = "<group>";
		};
		84AF2E942C43EDF400CB692D /* Models */ = {
			isa = PBXGroup;
			children = (
				84AF2E952C43EE1400CB692D /* CoinModel.swift */,
				84A545AB2C4689F9005993B2 /* StatisticModel.swift */,
				84A545B12C469B8D005993B2 /* MarketDataModel.swift */,
				84E1034F2C482563000273D9 /* PortfolioContainer.xcdatamodeld */,
			);
			path = Models;
			sourceTree = "<group>";
		};
		84AF2E9F2C44196F00CB692D /* Services */ = {
			isa = PBXGroup;
			children = (
				84AF2EA02C44199500CB692D /* CoinDataService.swift */,
				84A545B32C46A15E005993B2 /* MarketDataService.swift */,
				84911D8D2C481CE30034F367 /* PortfolioDataService.swift */,
			);
			path = Services;
			sourceTree = "<group>";
		};
		84D125572C4573460008FF36 /* Utilities */ = {
			isa = PBXGroup;
			children = (
				84D125582C45736C0008FF36 /* NetworkingManager.swift */,
			);
			path = Utilities;
			sourceTree = "<group>";
		};
		84D1255A2C4578FF0008FF36 /* CoinImage */ = {
			isa = PBXGroup;
			children = (
				84D1255B2C4579160008FF36 /* CoinImageView.swift */,
				84A545B92C46AE12005993B2 /* CoinLogoView.swift */,
			);
			path = CoinImage;
			sourceTree = "<group>";
		};
		84E769192C42C47D00CE2003 = {
			isa = PBXGroup;
			children = (
				84E769242C42C47D00CE2003 /* CryptoTracker */,
				84E769232C42C47D00CE2003 /* Products */,
			);
			sourceTree = "<group>";
		};
		84E769232C42C47D00CE2003 /* Products */ = {
			isa = PBXGroup;
			children = (
				84E769222C42C47D00CE2003 /* CryptoTracker.app */,
			);
			name = Products;
			sourceTree = "<group>";
		};
		84E769242C42C47D00CE2003 /* CryptoTracker */ = {
			isa = PBXGroup;
			children = (
				84E769252C42C47D00CE2003 /* CryptoTrackerApp.swift */,
				846E31202C42C8FC00F62907 /* Extensions */,
				84D125572C4573460008FF36 /* Utilities */,
				84AF2E9F2C44196F00CB692D /* Services */,
				84AF2E942C43EDF400CB692D /* Models */,
				846E31232C42CAF800F62907 /* Core */,
				84E769272C42C47D00CE2003 /* ContentView.swift */,
				846E311E2C42C85D00F62907 /* Assets.xcassets */,
				84E7692B2C42C47E00CE2003 /* Preview Content */,
			);
			path = CryptoTracker;
			sourceTree = "<group>";
		};
		84E7692B2C42C47E00CE2003 /* Preview Content */ = {
			isa = PBXGroup;
			children = (
				84E7692C2C42C47E00CE2003 /* Preview Assets.xcassets */,
			);
			path = "Preview Content";
			sourceTree = "<group>";
		};
/* End PBXGroup section */

/* Begin PBXNativeTarget section */
		84E769212C42C47D00CE2003 /* CryptoTracker */ = {
			isa = PBXNativeTarget;
			buildConfigurationList = 84E769302C42C47E00CE2003 /* Build configuration list for PBXNativeTarget "CryptoTracker" */;
			buildPhases = (
				84E7691E2C42C47D00CE2003 /* Sources */,
				84E7691F2C42C47D00CE2003 /* Frameworks */,
				84E769202C42C47D00CE2003 /* Resources */,
			);
			buildRules = (
			);
			dependencies = (
			);
			name = CryptoTracker;
			productName = CryptoTracker;
			productReference = 84E769222C42C47D00CE2003 /* CryptoTracker.app */;
			productType = "com.apple.product-type.application";
		};
/* End PBXNativeTarget section */

/* Begin PBXProject section */
		84E7691A2C42C47D00CE2003 /* Project object */ = {
			isa = PBXProject;
			attributes = {
				BuildIndependentTargetsInParallel = 1;
				LastSwiftUpdateCheck = 1540;
				LastUpgradeCheck = 1540;
				TargetAttributes = {
					84E769212C42C47D00CE2003 = {
						CreatedOnToolsVersion = 15.4;
					};
				};
			};
			buildConfigurationList = 84E7691D2C42C47D00CE2003 /* Build configuration list for PBXProject "CryptoTracker" */;
			compatibilityVersion = "Xcode 14.0";
			developmentRegion = en;
			hasScannedForEncodings = 0;
			knownRegions = (
				en,
				Base,
			);
			mainGroup = 84E769192C42C47D00CE2003;
			productRefGroup = 84E769232C42C47D00CE2003 /* Products */;
			projectDirPath = "";
			projectRoot = "";
			targets = (
				84E769212C42C47D00CE2003 /* CryptoTracker */,
			);
		};
/* End PBXProject section */

/* Begin PBXResourcesBuildPhase section */
		84E769202C42C47D00CE2003 /* Resources */ = {
			isa = PBXResourcesBuildPhase;
			buildActionMask = 2147483647;
			files = (
				84E7692D2C42C47E00CE2003 /* Preview Assets.xcassets in Resources */,
				846E311F2C42C85D00F62907 /* Assets.xcassets in Resources */,
			);
			runOnlyForDeploymentPostprocessing = 0;
		};
/* End PBXResourcesBuildPhase section */

/* Begin PBXSourcesBuildPhase section */
		84E7691E2C42C47D00CE2003 /* Sources */ = {
			isa = PBXSourcesBuildPhase;
			buildActionMask = 2147483647;
			files = (
				84D1255C2C4579160008FF36 /* CoinImageView.swift in Sources */,
				84911D8E2C481CE30034F367 /* PortfolioDataService.swift in Sources */,
				84E769282C42C47D00CE2003 /* ContentView.swift in Sources */,
				846E31282C42CB3600F62907 /* HomeView.swift in Sources */,
				84D125642C4587070008FF36 /* UIApplication.swift in Sources */,
				84A545AE2C468B23005993B2 /* StatisticView.swift in Sources */,
				84A545B42C46A15E005993B2 /* MarketDataService.swift in Sources */,
				84E769262C42C47D00CE2003 /* CryptoTrackerApp.swift in Sources */,
				8452BCC22C49294E00A04671 /* DetailView.swift in Sources */,
				84E103512C482563000273D9 /* PortfolioContainer.xcdatamodeld in Sources */,
				84AF2E9E2C44137700CB692D /* HomeViewModel.swift in Sources */,
				846E312C2C42CC2000F62907 /* RoundedRectangleButtonView.swift in Sources */,
				84AF2E962C43EE1400CB692D /* CoinModel.swift in Sources */,
				84A545B82C46AAF2005993B2 /* PortfolioView.swift in Sources */,
				84A545AC2C4689F9005993B2 /* StatisticModel.swift in Sources */,
				84A545BA2C46AE12005993B2 /* CoinLogoView.swift in Sources */,
				84AF2E9A2C43FDB900CB692D /* PreviewProvider.swift in Sources */,
				84A545B02C469187005993B2 /* HomeStatsView.swift in Sources */,
				84AF2E982C43FD5A00CB692D /* CoinRowView.swift in Sources */,
				84AF2E9C2C4403A300CB692D /* Double.swift in Sources */,
				84D125622C4583190008FF36 /* SearchBarView.swift in Sources */,
				84A545B22C469B8D005993B2 /* MarketDataModel.swift in Sources */,
				84D125592C45736C0008FF36 /* NetworkingManager.swift in Sources */,
				846E31222C42C91100F62907 /* Color.swift in Sources */,
				84AF2EA12C44199500CB692D /* CoinDataService.swift in Sources */,
			);
			runOnlyForDeploymentPostprocessing = 0;
		};
/* End PBXSourcesBuildPhase section */

/* Begin XCBuildConfiguration section */
		84E7692E2C42C47E00CE2003 /* Debug */ = {
			isa = XCBuildConfiguration;
			buildSettings = {
				ALWAYS_SEARCH_USER_PATHS = NO;
				ASSETCATALOG_COMPILER_GENERATE_SWIFT_ASSET_SYMBOL_EXTENSIONS = YES;
				CLANG_ANALYZER_NONNULL = YES;
				CLANG_ANALYZER_NUMBER_OBJECT_CONVERSION = YES_AGGRESSIVE;
				CLANG_CXX_LANGUAGE_STANDARD = "gnu++20";
				CLANG_ENABLE_MODULES = YES;
				CLANG_ENABLE_OBJC_ARC = YES;
				CLANG_ENABLE_OBJC_WEAK = YES;
				CLANG_WARN_BLOCK_CAPTURE_AUTORELEASING = YES;
				CLANG_WARN_BOOL_CONVERSION = YES;
				CLANG_WARN_COMMA = YES;
				CLANG_WARN_CONSTANT_CONVERSION = YES;
				CLANG_WARN_DEPRECATED_OBJC_IMPLEMENTATIONS = YES;
				CLANG_WARN_DIRECT_OBJC_ISA_USAGE = YES_ERROR;
				CLANG_WARN_DOCUMENTATION_COMMENTS = YES;
				CLANG_WARN_EMPTY_BODY = YES;
				CLANG_WARN_ENUM_CONVERSION = YES;
				CLANG_WARN_INFINITE_RECURSION = YES;
				CLANG_WARN_INT_CONVERSION = YES;
				CLANG_WARN_NON_LITERAL_NULL_CONVERSION = YES;
				CLANG_WARN_OBJC_IMPLICIT_RETAIN_SELF = YES;
				CLANG_WARN_OBJC_LITERAL_CONVERSION = YES;
				CLANG_WARN_OBJC_ROOT_CLASS = YES_ERROR;
				CLANG_WARN_QUOTED_INCLUDE_IN_FRAMEWORK_HEADER = YES;
				CLANG_WARN_RANGE_LOOP_ANALYSIS = YES;
				CLANG_WARN_STRICT_PROTOTYPES = YES;
				CLANG_WARN_SUSPICIOUS_MOVE = YES;
				CLANG_WARN_UNGUARDED_AVAILABILITY = YES_AGGRESSIVE;
				CLANG_WARN_UNREACHABLE_CODE = YES;
				CLANG_WARN__DUPLICATE_METHOD_MATCH = YES;
				COPY_PHASE_STRIP = NO;
				DEBUG_INFORMATION_FORMAT = dwarf;
				ENABLE_STRICT_OBJC_MSGSEND = YES;
				ENABLE_TESTABILITY = YES;
				ENABLE_USER_SCRIPT_SANDBOXING = YES;
				GCC_C_LANGUAGE_STANDARD = gnu17;
				GCC_DYNAMIC_NO_PIC = NO;
				GCC_NO_COMMON_BLOCKS = YES;
				GCC_OPTIMIZATION_LEVEL = 0;
				GCC_PREPROCESSOR_DEFINITIONS = (
					"DEBUG=1",
					"$(inherited)",
				);
				GCC_WARN_64_TO_32_BIT_CONVERSION = YES;
				GCC_WARN_ABOUT_RETURN_TYPE = YES_ERROR;
				GCC_WARN_UNDECLARED_SELECTOR = YES;
				GCC_WARN_UNINITIALIZED_AUTOS = YES_AGGRESSIVE;
				GCC_WARN_UNUSED_FUNCTION = YES;
				GCC_WARN_UNUSED_VARIABLE = YES;
				IPHONEOS_DEPLOYMENT_TARGET = 17.5;
				LOCALIZATION_PREFERS_STRING_CATALOGS = YES;
				MTL_ENABLE_DEBUG_INFO = INCLUDE_SOURCE;
				MTL_FAST_MATH = YES;
				ONLY_ACTIVE_ARCH = YES;
				SDKROOT = iphoneos;
				SWIFT_ACTIVE_COMPILATION_CONDITIONS = "DEBUG $(inherited)";
				SWIFT_OPTIMIZATION_LEVEL = "-Onone";
			};
			name = Debug;
		};
		84E7692F2C42C47E00CE2003 /* Release */ = {
			isa = XCBuildConfiguration;
			buildSettings = {
				ALWAYS_SEARCH_USER_PATHS = NO;
				ASSETCATALOG_COMPILER_GENERATE_SWIFT_ASSET_SYMBOL_EXTENSIONS = YES;
				CLANG_ANALYZER_NONNULL = YES;
				CLANG_ANALYZER_NUMBER_OBJECT_CONVERSION = YES_AGGRESSIVE;
				CLANG_CXX_LANGUAGE_STANDARD = "gnu++20";
				CLANG_ENABLE_MODULES = YES;
				CLANG_ENABLE_OBJC_ARC = YES;
				CLANG_ENABLE_OBJC_WEAK = YES;
				CLANG_WARN_BLOCK_CAPTURE_AUTORELEASING = YES;
				CLANG_WARN_BOOL_CONVERSION = YES;
				CLANG_WARN_COMMA = YES;
				CLANG_WARN_CONSTANT_CONVERSION = YES;
				CLANG_WARN_DEPRECATED_OBJC_IMPLEMENTATIONS = YES;
				CLANG_WARN_DIRECT_OBJC_ISA_USAGE = YES_ERROR;
				CLANG_WARN_DOCUMENTATION_COMMENTS = YES;
				CLANG_WARN_EMPTY_BODY = YES;
				CLANG_WARN_ENUM_CONVERSION = YES;
				CLANG_WARN_INFINITE_RECURSION = YES;
				CLANG_WARN_INT_CONVERSION = YES;
				CLANG_WARN_NON_LITERAL_NULL_CONVERSION = YES;
				CLANG_WARN_OBJC_IMPLICIT_RETAIN_SELF = YES;
				CLANG_WARN_OBJC_LITERAL_CONVERSION = YES;
				CLANG_WARN_OBJC_ROOT_CLASS = YES_ERROR;
				CLANG_WARN_QUOTED_INCLUDE_IN_FRAMEWORK_HEADER = YES;
				CLANG_WARN_RANGE_LOOP_ANALYSIS = YES;
				CLANG_WARN_STRICT_PROTOTYPES = YES;
				CLANG_WARN_SUSPICIOUS_MOVE = YES;
				CLANG_WARN_UNGUARDED_AVAILABILITY = YES_AGGRESSIVE;
				CLANG_WARN_UNREACHABLE_CODE = YES;
				CLANG_WARN__DUPLICATE_METHOD_MATCH = YES;
				COPY_PHASE_STRIP = NO;
				DEBUG_INFORMATION_FORMAT = "dwarf-with-dsym";
				ENABLE_NS_ASSERTIONS = NO;
				ENABLE_STRICT_OBJC_MSGSEND = YES;
				ENABLE_USER_SCRIPT_SANDBOXING = YES;
				GCC_C_LANGUAGE_STANDARD = gnu17;
				GCC_NO_COMMON_BLOCKS = YES;
				GCC_WARN_64_TO_32_BIT_CONVERSION = YES;
				GCC_WARN_ABOUT_RETURN_TYPE = YES_ERROR;
				GCC_WARN_UNDECLARED_SELECTOR = YES;
				GCC_WARN_UNINITIALIZED_AUTOS = YES_AGGRESSIVE;
				GCC_WARN_UNUSED_FUNCTION = YES;
				GCC_WARN_UNUSED_VARIABLE = YES;
				IPHONEOS_DEPLOYMENT_TARGET = 17.5;
				LOCALIZATION_PREFERS_STRING_CATALOGS = YES;
				MTL_ENABLE_DEBUG_INFO = NO;
				MTL_FAST_MATH = YES;
				SDKROOT = iphoneos;
				SWIFT_COMPILATION_MODE = wholemodule;
				VALIDATE_PRODUCT = YES;
			};
			name = Release;
		};
		84E769312C42C47E00CE2003 /* Debug */ = {
			isa = XCBuildConfiguration;
			buildSettings = {
				ASSETCATALOG_COMPILER_APPICON_NAME = AppIcon;
				ASSETCATALOG_COMPILER_GLOBAL_ACCENT_COLOR_NAME = AccentColor;
				CODE_SIGN_STYLE = Automatic;
				CURRENT_PROJECT_VERSION = 1;
				DEVELOPMENT_ASSET_PATHS = "\"CryptoTracker/Preview Content\"";
				DEVELOPMENT_TEAM = ZQ7FA3QJBQ;
				ENABLE_PREVIEWS = YES;
				GENERATE_INFOPLIST_FILE = YES;
				INFOPLIST_KEY_CFBundleDisplayName = CryptoWallet;
				INFOPLIST_KEY_UIApplicationSceneManifest_Generation = YES;
				INFOPLIST_KEY_UIApplicationSupportsIndirectInputEvents = YES;
				INFOPLIST_KEY_UILaunchScreen_Generation = YES;
				INFOPLIST_KEY_UISupportedInterfaceOrientations = UIInterfaceOrientationPortrait;
				LD_RUNPATH_SEARCH_PATHS = (
					"$(inherited)",
					"@executable_path/Frameworks",
				);
				MARKETING_VERSION = 1.0;
				PRODUCT_BUNDLE_IDENTIFIER = com.mateuszkrowczynski.CryptoTracker;
				PRODUCT_NAME = "$(TARGET_NAME)";
				SWIFT_EMIT_LOC_STRINGS = YES;
				SWIFT_VERSION = 5.0;
				TARGETED_DEVICE_FAMILY = "1,2";
			};
			name = Debug;
		};
		84E769322C42C47E00CE2003 /* Release */ = {
			isa = XCBuildConfiguration;
			buildSettings = {
				ASSETCATALOG_COMPILER_APPICON_NAME = AppIcon;
				ASSETCATALOG_COMPILER_GLOBAL_ACCENT_COLOR_NAME = AccentColor;
				CODE_SIGN_STYLE = Automatic;
				CURRENT_PROJECT_VERSION = 1;
				DEVELOPMENT_ASSET_PATHS = "\"CryptoTracker/Preview Content\"";
				DEVELOPMENT_TEAM = ZQ7FA3QJBQ;
				ENABLE_PREVIEWS = YES;
				GENERATE_INFOPLIST_FILE = YES;
				INFOPLIST_KEY_CFBundleDisplayName = CryptoWallet;
				INFOPLIST_KEY_UIApplicationSceneManifest_Generation = YES;
				INFOPLIST_KEY_UIApplicationSupportsIndirectInputEvents = YES;
				INFOPLIST_KEY_UILaunchScreen_Generation = YES;
				INFOPLIST_KEY_UISupportedInterfaceOrientations = UIInterfaceOrientationPortrait;
				LD_RUNPATH_SEARCH_PATHS = (
					"$(inherited)",
					"@executable_path/Frameworks",
				);
				MARKETING_VERSION = 1.0;
				PRODUCT_BUNDLE_IDENTIFIER = com.mateuszkrowczynski.CryptoTracker;
				PRODUCT_NAME = "$(TARGET_NAME)";
				SWIFT_EMIT_LOC_STRINGS = YES;
				SWIFT_VERSION = 5.0;
				TARGETED_DEVICE_FAMILY = "1,2";
			};
			name = Release;
		};
/* End XCBuildConfiguration section */

/* Begin XCConfigurationList section */
		84E7691D2C42C47D00CE2003 /* Build configuration list for PBXProject "CryptoTracker" */ = {
			isa = XCConfigurationList;
			buildConfigurations = (
				84E7692E2C42C47E00CE2003 /* Debug */,
				84E7692F2C42C47E00CE2003 /* Release */,
			);
			defaultConfigurationIsVisible = 0;
			defaultConfigurationName = Release;
		};
		84E769302C42C47E00CE2003 /* Build configuration list for PBXNativeTarget "CryptoTracker" */ = {
			isa = XCConfigurationList;
			buildConfigurations = (
				84E769312C42C47E00CE2003 /* Debug */,
				84E769322C42C47E00CE2003 /* Release */,
			);
			defaultConfigurationIsVisible = 0;
			defaultConfigurationName = Release;
		};
/* End XCConfigurationList section */

/* Begin XCVersionGroup section */
		84E1034F2C482563000273D9 /* PortfolioContainer.xcdatamodeld */ = {
			isa = XCVersionGroup;
			children = (
				84E103502C482563000273D9 /* PortfolioContainer.xcdatamodel */,
			);
			currentVersion = 84E103502C482563000273D9 /* PortfolioContainer.xcdatamodel */;
			name = PortfolioContainer.xcdatamodeld;
			path = /Users/admin/Downloads/Resources/Models/PortfolioContainer.xcdatamodeld;
			sourceTree = "<group>";
			versionGroupType = wrapper.xcdatamodel;
		};
/* End XCVersionGroup section */
	};
	rootObject = 84E7691A2C42C47D00CE2003 /* Project object */;
}
